
Microsoft Visual Studio Solution File, Format Version 12.00
# Visual Studio Version 17
VisualStudioVersion = 17.6.33723.286
MinimumVisualStudioVersion = 10.0.40219.1
Project("{FAE04EC0-301F-11D3-BF4B-00C04F79EFBC}") = "RealLibrary", "RealLibrary.csproj", "{1A3C8C81-FC4F-479E-A500-91FE67C665B9}"
EndProject
Global
	GlobalSection(SolutionConfigurationPlatforms) = preSolution
		Debug|Any CPU = Debug|Any CPU
		Release|Any CPU = Release|Any CPU
	EndGlobalSection
	GlobalSection(ProjectConfigurationPlatforms) = postSolution
		{1A3C8C81-FC4F-479E-A500-91FE67C665B9}.Debug|Any CPU.ActiveCfg = Debug|Any CPU
		{1A3C8C81-FC4F-479E-A500-91FE67C665B9}.Debug|Any CPU.Build.0 = Debug|Any CPU
		{1A3C8C81-FC4F-479E-A500-91FE67C665B9}.Release|Any CPU.ActiveCfg = Release|Any CPU
		{1A3C8C81-FC4F-479E-A500-91FE67C665B9}.Release|Any CPU.Build.0 = Release|Any CPU
	EndGlobalSection
	GlobalSection(SolutionProperties) = preSolution
		HideSolutionNode = FALSE
	EndGlobalSection
	GlobalSection(ExtensibilityGlobals) = postSolution
		SolutionGuid = {8D53A8A3-E91D-4939-992F-78D2373E8CB0}
	EndGlobalSection
EndGlobal
